
Microsoft Visual Studio Solution File, Format Version 12.00
# Visual Studio 14
VisualStudioVersion = 14.0.25420.1
MinimumVisualStudioVersion = 10.0.40219.1
Project("{FAE04EC0-301F-11D3-BF4B-00C04F79EFBC}") = "BBeStoreSyncProgram", "BBeStoreSyncProgram\BBeStoreSyncProgram.csproj", "{EABC1F15-B96E-4070-A29D-BD0AB86A8D5C}"
	ProjectSection(ProjectDependencies) = postProject
		{726A8FB9-3DD0-424A-9704-70C0115C1EAD} = {726A8FB9-3DD0-424A-9704-70C0115C1EAD}
	EndProjectSection
EndProject
Project("{F184B08F-C81C-45F6-A57F-5ABD9991F28F}") = "CenterLibrary", "..\CenterLibrary\CenterLibrary\CenterLibrary.vbproj", "{726A8FB9-3DD0-424A-9704-70C0115C1EAD}"
EndProject
Global
	GlobalSection(SolutionConfigurationPlatforms) = preSolution
		Debug|Any CPU = Debug|Any CPU
		Release|Any CPU = Release|Any CPU
	EndGlobalSection
	GlobalSection(ProjectConfigurationPlatforms) = postSolution
		{EABC1F15-B96E-4070-A29D-BD0AB86A8D5C}.Debug|Any CPU.ActiveCfg = Debug|Any CPU
		{EABC1F15-B96E-4070-A29D-BD0AB86A8D5C}.Debug|Any CPU.Build.0 = Debug|Any CPU
		{EABC1F15-B96E-4070-A29D-BD0AB86A8D5C}.Release|Any CPU.ActiveCfg = Release|Any CPU
		{EABC1F15-B96E-4070-A29D-BD0AB86A8D5C}.Release|Any CPU.Build.0 = Release|Any CPU
		{726A8FB9-3DD0-424A-9704-70C0115C1EAD}.Debug|Any CPU.ActiveCfg = Debug|Any CPU
		{726A8FB9-3DD0-424A-9704-70C0115C1EAD}.Debug|Any CPU.Build.0 = Debug|Any CPU
		{726A8FB9-3DD0-424A-9704-70C0115C1EAD}.Release|Any CPU.ActiveCfg = Release|Any CPU
		{726A8FB9-3DD0-424A-9704-70C0115C1EAD}.Release|Any CPU.Build.0 = Release|Any CPU
	EndGlobalSection
	GlobalSection(SolutionProperties) = preSolution
		HideSolutionNode = FALSE
	EndGlobalSection
	GlobalSection(TeamFoundationVersionControl) = preSolution
		SccNumberOfProjects = 1
		SccEnterpriseProvider = {4CA58AB2-18FA-4F8D-95D4-32DDF27D184C}
		SccTeamFoundationServer = https://myadvantechcollection.visualstudio.com/defaultcollection
		SccProjectUniqueName0 = ..\\CenterLibrary\\CenterLibrary\\CenterLibrary.vbproj
		SccProjectName0 = ../CenterLibrary/CenterLibrary
		SccAuxPath0 = https://myadvantechcollection.visualstudio.com/defaultcollection
		SccLocalPath0 = ..\\CenterLibrary\\CenterLibrary
		SccProvider0 = {4CA58AB2-18FA-4F8D-95D4-32DDF27D184C}
	EndGlobalSection
EndGlobal
