
Microsoft Visual Studio Solution File, Format Version 12.00
# Visual Studio 14
VisualStudioVersion = 14.0.25420.1
MinimumVisualStudioVersion = 10.0.40219.1
Project("{F184B08F-C81C-45F6-A57F-5ABD9991F28F}") = "SyncSAPCompanyProduct", "SyncSAPCompanyProduct\SyncSAPCompanyProduct.vbproj", "{F4FF5F3B-F9D9-4117-B52B-7C935F916EA2}"
	ProjectSection(ProjectDependencies) = postProject
		{465CEF83-F14D-4783-8917-1A9B5ED8EDD5} = {465CEF83-F14D-4783-8917-1A9B5ED8EDD5}
	EndProjectSection
EndProject
Project("{F184B08F-C81C-45F6-A57F-5ABD9991F28F}") = "SAPDAL", "..\..\SAPDAL\SAPDAL.vbproj", "{465CEF83-F14D-4783-8917-1A9B5ED8EDD5}"
EndProject
Global
	GlobalSection(SolutionConfigurationPlatforms) = preSolution
		Debug|Any CPU = Debug|Any CPU
		Debug|Mixed Platforms = Debug|Mixed Platforms
		Debug|x86 = Debug|x86
		Release|Any CPU = Release|Any CPU
		Release|Mixed Platforms = Release|Mixed Platforms
		Release|x86 = Release|x86
	EndGlobalSection
	GlobalSection(ProjectConfigurationPlatforms) = postSolution
		{F4FF5F3B-F9D9-4117-B52B-7C935F916EA2}.Debug|Any CPU.ActiveCfg = Debug|x86
		{F4FF5F3B-F9D9-4117-B52B-7C935F916EA2}.Debug|Mixed Platforms.ActiveCfg = Debug|x86
		{F4FF5F3B-F9D9-4117-B52B-7C935F916EA2}.Debug|Mixed Platforms.Build.0 = Debug|x86
		{F4FF5F3B-F9D9-4117-B52B-7C935F916EA2}.Debug|x86.ActiveCfg = Debug|x86
		{F4FF5F3B-F9D9-4117-B52B-7C935F916EA2}.Debug|x86.Build.0 = Debug|x86
		{F4FF5F3B-F9D9-4117-B52B-7C935F916EA2}.Release|Any CPU.ActiveCfg = Release|x86
		{F4FF5F3B-F9D9-4117-B52B-7C935F916EA2}.Release|Mixed Platforms.ActiveCfg = Release|x86
		{F4FF5F3B-F9D9-4117-B52B-7C935F916EA2}.Release|Mixed Platforms.Build.0 = Release|x86
		{F4FF5F3B-F9D9-4117-B52B-7C935F916EA2}.Release|x86.ActiveCfg = Release|x86
		{F4FF5F3B-F9D9-4117-B52B-7C935F916EA2}.Release|x86.Build.0 = Release|x86
		{465CEF83-F14D-4783-8917-1A9B5ED8EDD5}.Debug|Any CPU.ActiveCfg = Debug|Any CPU
		{465CEF83-F14D-4783-8917-1A9B5ED8EDD5}.Debug|Any CPU.Build.0 = Debug|Any CPU
		{465CEF83-F14D-4783-8917-1A9B5ED8EDD5}.Debug|Mixed Platforms.ActiveCfg = Debug|Any CPU
		{465CEF83-F14D-4783-8917-1A9B5ED8EDD5}.Debug|Mixed Platforms.Build.0 = Debug|Any CPU
		{465CEF83-F14D-4783-8917-1A9B5ED8EDD5}.Debug|x86.ActiveCfg = Debug|Any CPU
		{465CEF83-F14D-4783-8917-1A9B5ED8EDD5}.Release|Any CPU.ActiveCfg = Release|Any CPU
		{465CEF83-F14D-4783-8917-1A9B5ED8EDD5}.Release|Any CPU.Build.0 = Release|Any CPU
		{465CEF83-F14D-4783-8917-1A9B5ED8EDD5}.Release|Mixed Platforms.ActiveCfg = Release|Any CPU
		{465CEF83-F14D-4783-8917-1A9B5ED8EDD5}.Release|Mixed Platforms.Build.0 = Release|Any CPU
		{465CEF83-F14D-4783-8917-1A9B5ED8EDD5}.Release|x86.ActiveCfg = Release|Any CPU
	EndGlobalSection
	GlobalSection(SolutionProperties) = preSolution
		HideSolutionNode = FALSE
	EndGlobalSection
	GlobalSection(TeamFoundationVersionControl) = preSolution
		SccNumberOfProjects = 3
		SccEnterpriseProvider = {4CA58AB2-18FA-4F8D-95D4-32DDF27D184C}
		SccTeamFoundationServer = https://myadvantechcollection.visualstudio.com/defaultcollection
		SccLocalPath0 = .
		SccProjectUniqueName1 = SyncSAPCompanyProduct\\SyncSAPCompanyProduct.vbproj
		SccProjectName1 = SyncSAPCompanyProduct
		SccLocalPath1 = SyncSAPCompanyProduct
		SccProjectUniqueName2 = ..\\..\\SAPDAL\\SAPDAL.vbproj
		SccProjectName2 = ../../SAPDAL
		SccLocalPath2 = ..\\..\\SAPDAL
	EndGlobalSection
EndGlobal
